<?xml version="1.0" encoding="utf-8"?>
<Project ToolsVersion="4.0" xmlns="http://schemas.microsoft.com/developer/msbuild/2003">
  <ItemGroup>
    <Filter Include="Code">
      <UniqueIdentifier>{88554f81-8ee5-4af5-b760-17b2bffe27dc}</UniqueIdentifier>
    </Filter>
    <Filter Include="CodeSnippet">
      <UniqueIdentifier>{a6790c75-223a-4eea-b314-e95a8d4c765a}</UniqueIdentifier>
    </Filter>
    <Filter Include="Code\UnitTest">
      <UniqueIdentifier>{a2ed6f8c-1341-449d-b848-a10a1f092e4e}</UniqueIdentifier>
    </Filter>
    <Filter Include="Code\Engine">
      <UniqueIdentifier>{4759601b-e458-456b-8e91-b7ccd98e730d}</UniqueIdentifier>
    </Filter>
    <Filter Include="Code\Engine\Common">
      <UniqueIdentifier>{0acca4b0-d53e-4675-89c6-b11f4796fdd1}</UniqueIdentifier>
    </Filter>
    <Filter Include="Code\Engine\DebugTools">
      <UniqueIdentifier>{d0cc10f2-ffae-4443-9154-e99ffed73fb6}</UniqueIdentifier>
    </Filter>
    <Filter Include="Code\Engine\Utils">
      <UniqueIdentifier>{1eb064f6-1b60-44aa-bb19-def50183fda2}</UniqueIdentifier>
    </Filter>
    <Filter Include="Code\UnitTest\BasicOutputInterface">
      <UniqueIdentifier>{fe439f00-3f17-4909-862d-107ec954e47d}</UniqueIdentifier>
    </Filter>
    <Filter Include="Code\UnitTest\Tests">
      <UniqueIdentifier>{55f45d20-c472-4b50-ac60-20251a189b3a}</UniqueIdentifier>
    </Filter>
    <Filter Include="Code\Engine\String">
      <UniqueIdentifier>{85cf3591-23af-4c75-8294-709776a48228}</UniqueIdentifier>
    </Filter>
    <Filter Include="Code\Engine\Math">
      <UniqueIdentifier>{e79e1ed7-4a10-4443-9367-6fb4f36bc425}</UniqueIdentifier>
    </Filter>
    <Filter Include="Code\Engine\Objects">
      <UniqueIdentifier>{214f1598-aaf8-46d8-b5b2-803590ecd6cf}</UniqueIdentifier>
    </Filter>
    <Filter Include="Code\Engine\RenderPlatform">
      <UniqueIdentifier>{c4766fcf-cfe5-41f4-808d-5379376eba7e}</UniqueIdentifier>
    </Filter>
    <Filter Include="Code\Engine\IO">
      <UniqueIdentifier>{76f483c7-ac39-4781-a70b-33fb1d77ad2a}</UniqueIdentifier>
    </Filter>
    <Filter Include="Code\Engine\CoreApplication">
      <UniqueIdentifier>{84dedc26-731a-4af7-810d-dfb3d91ca153}</UniqueIdentifier>
    </Filter>
    <Filter Include="Code\Engine\Environment">
      <UniqueIdentifier>{928d2edc-26d4-4297-a52d-bb04bb6a6e53}</UniqueIdentifier>
    </Filter>
    <Filter Include="Code\Engine\Coroutine">
      <UniqueIdentifier>{8bc71757-636c-4218-8f29-2f7192e22bdf}</UniqueIdentifier>
    </Filter>
    <Filter Include="Code\Engine\IO\Hardware">
      <UniqueIdentifier>{6f942459-27c9-4ff3-881e-4ff85e7f0396}</UniqueIdentifier>
    </Filter>
    <Filter Include="Code\Engine\IO\Internal">
      <UniqueIdentifier>{24695ee7-9c07-47fe-a6f1-aee5b47abd4e}</UniqueIdentifier>
    </Filter>
  </ItemGroup>
  <ItemGroup>
    <ClCompile Include="Main.cpp">
      <Filter>Code</Filter>
    </ClCompile>
    <ClCompile Include="Code\UnitTest\UnitTestFramework.cpp">
      <Filter>Code\UnitTest</Filter>
    </ClCompile>
    <ClCompile Include="Code\UnitTest\BasicOutputInterface\ConsoleInterface.cpp">
      <Filter>Code\UnitTest\BasicOutputInterface</Filter>
    </ClCompile>
    <ClCompile Include="Code\Engine\Objects\WorldObject.cpp">
      <Filter>Code\Engine\Objects</Filter>
    </ClCompile>
    <ClCompile Include="Code\Engine\Objects\PObject.cpp">
      <Filter>Code\Engine\Objects</Filter>
    </ClCompile>
    <ClCompile Include="Code\Engine\CoreApplication\CoreApplication.cpp">
      <Filter>Code\Engine\CoreApplication</Filter>
    </ClCompile>
    <ClCompile Include="Code\Engine\IO\Hardware\FileDevice.cpp">
      <Filter>Code\Engine\IO\Hardware</Filter>
    </ClCompile>
    <ClCompile Include="Code\Engine\IO\URI.cpp">
      <Filter>Code\Engine\IO</Filter>
    </ClCompile>
    <ClCompile Include="Code\Engine\IO\Path.cpp">
      <Filter>Code\Engine\IO</Filter>
    </ClCompile>
    <ClCompile Include="Code\Engine\IO\Internal\PathAnalyzer.cpp">
      <Filter>Code\Engine\IO\Internal</Filter>
    </ClCompile>
    <ClCompile Include="Code\Engine\IO\Internal\PathUtils.cpp">
      <Filter>Code\Engine\IO\Internal</Filter>
    </ClCompile>
    <ClCompile Include="Code\Engine\IO\Internal\PathNormalizer.cpp">
      <Filter>Code\Engine\IO\Internal</Filter>
    </ClCompile>
  </ItemGroup>
  <ItemGroup>
    <ClInclude Include="Code\Engine\Common\Type.hpp">
      <Filter>Code\Engine\Common</Filter>
    </ClInclude>
    <ClInclude Include="Code\Engine\DebugTools\Verify.hpp">
      <Filter>Code\Engine\DebugTools</Filter>
    </ClInclude>
    <ClInclude Include="Code\Engine\Utils\Preprocessor.hpp">
      <Filter>Code\Engine\Utils</Filter>
    </ClInclude>
    <ClInclude Include="Code\Engine\Utils\Singleton.hpp">
      <Filter>Code\Engine\Utils</Filter>
    </ClInclude>
    <ClInclude Include="Code\Engine\Utils\Concept.hpp">
      <Filter>Code\Engine\Utils</Filter>
    </ClInclude>
    <ClInclude Include="Code\Engine\Utils\Flag.hpp">
      <Filter>Code\Engine\Utils</Filter>
    </ClInclude>
    <ClInclude Include="Code\Engine\Utils\Logger.hpp">
      <Filter>Code\Engine\Utils</Filter>
    </ClInclude>
    <ClInclude Include="Code\Engine\String\String.hpp">
      <Filter>Code\Engine\String</Filter>
    </ClInclude>
    <ClInclude Include="Code\Engine\String\StringMap.hpp">
      <Filter>Code\Engine\String</Filter>
    </ClInclude>
    <ClInclude Include="Code\Engine\String\StringSet.hpp">
      <Filter>Code\Engine\String</Filter>
    </ClInclude>
    <ClInclude Include="Code\Engine\String\StringTransparentHash.hpp">
      <Filter>Code\Engine\String</Filter>
    </ClInclude>
    <ClInclude Include="Code\Engine\String\StringUnorderedMap.hpp">
      <Filter>Code\Engine\String</Filter>
    </ClInclude>
    <ClInclude Include="Code\Engine\String\StringUnorderedSet.hpp">
      <Filter>Code\Engine\String</Filter>
    </ClInclude>
    <ClInclude Include="Code\Engine\String\StringView.hpp">
      <Filter>Code\Engine\String</Filter>
    </ClInclude>
    <ClInclude Include="Code\Engine\String\StrSearchUtils.hpp">
      <Filter>Code\Engine\String</Filter>
    </ClInclude>
    <ClInclude Include="Code\Engine\String\Format.hpp">
      <Filter>Code\Engine\String</Filter>
    </ClInclude>
    <ClInclude Include="Code\UnitTest\UnitTestFramework.h">
      <Filter>Code\UnitTest</Filter>
    </ClInclude>
    <ClInclude Include="Code\UnitTest\UnitTestInterface.hpp">
      <Filter>Code\UnitTest</Filter>
    </ClInclude>
    <ClInclude Include="Code\UnitTest\BasicOutputInterface\ConsoleInterface.h">
      <Filter>Code\UnitTest\BasicOutputInterface</Filter>
    </ClInclude>
    <ClInclude Include="Code\UnitTest\Tests\Test_String.hpp">
      <Filter>Code\UnitTest\Tests</Filter>
    </ClInclude>
    <ClInclude Include="Code\UnitTest\Tests\Test_String_NotVectorizedFindXXX.hpp">
      <Filter>Code\UnitTest\Tests</Filter>
    </ClInclude>
    <ClInclude Include="Code\UnitTest\Tests\Test_Format.hpp">
      <Filter>Code\UnitTest\Tests</Filter>
    </ClInclude>
    <ClInclude Include="Code\Engine\Utils\Ranges.hpp">
      <Filter>Code\Engine\Utils</Filter>
    </ClInclude>
    <ClInclude Include="Code\Engine\Math\Mat4x4.hpp">
      <Filter>Code\Engine\Math</Filter>
    </ClInclude>
    <ClInclude Include="Code\Engine\Math\Vec4.hpp">
      <Filter>Code\Engine\Math</Filter>
    </ClInclude>
    <ClInclude Include="Code\Engine\Math\Mat3x3.hpp">
      <Filter>Code\Engine\Math</Filter>
    </ClInclude>
    <ClInclude Include="Code\Engine\Math\Vec3.hpp">
      <Filter>Code\Engine\Math</Filter>
    </ClInclude>
    <ClInclude Include="Code\Engine\Math\Vec2.hpp">
      <Filter>Code\Engine\Math</Filter>
    </ClInclude>
    <ClInclude Include="Code\Engine\Math\MathFunction.hpp">
      <Filter>Code\Engine\Math</Filter>
    </ClInclude>
    <ClInclude Include="Code\Engine\Math\Color.hpp">
      <Filter>Code\Engine\Math</Filter>
    </ClInclude>
    <ClInclude Include="Code\UnitTest\Tests\Test_Vec3.hpp">
      <Filter>Code\UnitTest\Tests</Filter>
    </ClInclude>
    <ClInclude Include="Code\UnitTest\Tests\Test_Vec4.hpp">
      <Filter>Code\UnitTest\Tests</Filter>
    </ClInclude>
    <ClInclude Include="Code\UnitTest\Tests\Test_MathFunction.hpp">
      <Filter>Code\UnitTest\Tests</Filter>
    </ClInclude>
    <ClInclude Include="Code\UnitTest\Tests\Test_Vec2.hpp">
      <Filter>Code\UnitTest\Tests</Filter>
    </ClInclude>
    <ClInclude Include="Code\Engine\Objects\PObject.h">
      <Filter>Code\Engine\Objects</Filter>
    </ClInclude>
    <ClInclude Include="Code\Engine\Objects\WorldObject.h">
      <Filter>Code\Engine\Objects</Filter>
    </ClInclude>
    <ClInclude Include="Code\Engine\CoreApplication\CoreApplication.h">
      <Filter>Code\Engine\CoreApplication</Filter>
    </ClInclude>
    <ClInclude Include="Code\Engine\Environment\DXEnvironment.h">
      <Filter>Code\Engine\Environment</Filter>
    </ClInclude>
    <ClInclude Include="Code\Engine\Environment\Win32Environment.h">
      <Filter>Code\Engine\Environment</Filter>
    </ClInclude>
    <ClInclude Include="Code\Engine\IO\IAsyncIODevice.h">
      <Filter>Code\Engine\IO</Filter>
    </ClInclude>
    <ClInclude Include="Code\Engine\IO\IInputStream.h">
      <Filter>Code\Engine\IO</Filter>
    </ClInclude>
    <ClInclude Include="Code\Engine\IO\IOutputStream.h">
      <Filter>Code\Engine\IO</Filter>
    </ClInclude>
    <ClInclude Include="Code\Engine\IO\IIODevice.h">
      <Filter>Code\Engine\IO</Filter>
    </ClInclude>
    <ClInclude Include="Code\Engine\Coroutine\AsyncTask.hpp">
      <Filter>Code\Engine\Coroutine</Filter>
    </ClInclude>
    <ClInclude Include="Code\Engine\IO\Hardware\FileDevice.h">
      <Filter>Code\Engine\IO\Hardware</Filter>
    </ClInclude>
    <ClInclude Include="Code\Engine\IO\URI.h">
      <Filter>Code\Engine\IO</Filter>
    </ClInclude>
    <ClInclude Include="Code\Engine\IO\Path.h">
      <Filter>Code\Engine\IO</Filter>
    </ClInclude>
    <ClInclude Include="Code\Engine\IO\Internal\PathAnalyzer.h">
      <Filter>Code\Engine\IO\Internal</Filter>
    </ClInclude>
    <ClInclude Include="Code\Engine\Common\Iterator.hpp">
      <Filter>Code\Engine\Utils</Filter>
    </ClInclude>
    <ClInclude Include="Code\Engine\IO\Internal\PathUtils.h">
      <Filter>Code\Engine\IO\Internal</Filter>
    </ClInclude>
    <ClInclude Include="Code\Engine\IO\Internal\PathNormalizer.h">
      <Filter>Code\Engine\IO\Internal</Filter>
    </ClInclude>
    <ClInclude Include="Code\Engine\Coroutine\Awaiter.hpp">
      <Filter>Code\Engine\Coroutine</Filter>
    </ClInclude>
    <ClInclude Include="Code\UnitTest\Tests\Test_WindowsPath.hpp">
      <Filter>Code\UnitTest\Tests</Filter>
    </ClInclude>
    <ClInclude Include="Code\UnitTest\Tests\Test_UnixLikePath.hpp">
      <Filter>Code\UnitTest\Tests</Filter>
    </ClInclude>
  </ItemGroup>
</Project>